// !$*UTF8*$!
{
	archiveVersion = 1;
	classes = {
	};
	objectVersion = 51;
	objects = {

/* Begin PBXBuildFile section */
		245AAF1F2410942000EACE1B /* FavouriteMoviesViewController.swift in Sources */ = {isa = PBXBuildFile; fileRef = 245AAF1E2410942000EACE1B /* FavouriteMoviesViewController.swift */; };
		248B40E5240F955B00B3CCC7 /* Formatter+Extension.swift in Sources */ = {isa = PBXBuildFile; fileRef = 248B40E4240F955B00B3CCC7 /* Formatter+Extension.swift */; };
		248B40E7240F95D900B3CCC7 /* Localify.swift in Sources */ = {isa = PBXBuildFile; fileRef = 248B40E6240F95D900B3CCC7 /* Localify.swift */; };
		248B40EA240F970300B3CCC7 /* Localizable.strings in Resources */ = {isa = PBXBuildFile; fileRef = 248B40EC240F970300B3CCC7 /* Localizable.strings */; };
		248B40EF240F972600B3CCC7 /* Home.storyboard in Resources */ = {isa = PBXBuildFile; fileRef = 248B40F1240F972600B3CCC7 /* Home.storyboard */; };
		248B40F3240F975000B3CCC7 /* String+Extension.swift in Sources */ = {isa = PBXBuildFile; fileRef = 248B40F2240F975000B3CCC7 /* String+Extension.swift */; };
		248B40F5240F977800B3CCC7 /* UIView+Extension.swift in Sources */ = {isa = PBXBuildFile; fileRef = 248B40F4240F977800B3CCC7 /* UIView+Extension.swift */; };
		248B40F7240F979F00B3CCC7 /* UIViewController+Extension.swift in Sources */ = {isa = PBXBuildFile; fileRef = 248B40F6240F979F00B3CCC7 /* UIViewController+Extension.swift */; };
		248B40F9240F986900B3CCC7 /* UIColor+Extension.swift in Sources */ = {isa = PBXBuildFile; fileRef = 248B40F8240F986900B3CCC7 /* UIColor+Extension.swift */; };
		248B40FC240FA9C600B3CCC7 /* MovieCardTableViewCell.swift in Sources */ = {isa = PBXBuildFile; fileRef = 248B40FA240FA9C600B3CCC7 /* MovieCardTableViewCell.swift */; };
		248B40FD240FA9C600B3CCC7 /* MovieCardTableViewCell.xib in Resources */ = {isa = PBXBuildFile; fileRef = 248B40FB240FA9C600B3CCC7 /* MovieCardTableViewCell.xib */; };
		248B40FF240FB57200B3CCC7 /* Movie.swift in Sources */ = {isa = PBXBuildFile; fileRef = 248B40FE240FB57200B3CCC7 /* Movie.swift */; };
		248B4101240FCF8E00B3CCC7 /* MovieViewController.swift in Sources */ = {isa = PBXBuildFile; fileRef = 248B4100240FCF8E00B3CCC7 /* MovieViewController.swift */; };
		248B4104240FD59D00B3CCC7 /* MovieInfoTableViewCell.swift in Sources */ = {isa = PBXBuildFile; fileRef = 248B4102240FD59D00B3CCC7 /* MovieInfoTableViewCell.swift */; };
		248B4105240FD59D00B3CCC7 /* MovieInfoTableViewCell.xib in Resources */ = {isa = PBXBuildFile; fileRef = 248B4103240FD59D00B3CCC7 /* MovieInfoTableViewCell.xib */; };
		248B4108240FDB2A00B3CCC7 /* ReviewHeaderTableViewCell.swift in Sources */ = {isa = PBXBuildFile; fileRef = 248B4106240FDB2A00B3CCC7 /* ReviewHeaderTableViewCell.swift */; };
		248B4109240FDB2A00B3CCC7 /* ReviewHeaderTableViewCell.xib in Resources */ = {isa = PBXBuildFile; fileRef = 248B4107240FDB2A00B3CCC7 /* ReviewHeaderTableViewCell.xib */; };
		248B410B240FDCD700B3CCC7 /* Review.swift in Sources */ = {isa = PBXBuildFile; fileRef = 248B410A240FDCD700B3CCC7 /* Review.swift */; };
		248B410E240FDE6C00B3CCC7 /* ReviewTableViewCell.swift in Sources */ = {isa = PBXBuildFile; fileRef = 248B410C240FDE6C00B3CCC7 /* ReviewTableViewCell.swift */; };
		248B410F240FDE6C00B3CCC7 /* ReviewTableViewCell.xib in Resources */ = {isa = PBXBuildFile; fileRef = 248B410D240FDE6C00B3CCC7 /* ReviewTableViewCell.xib */; };
		248B4112240FEEF100B3CCC7 /* RealmHelper.swift in Sources */ = {isa = PBXBuildFile; fileRef = 248B4111240FEEF100B3CCC7 /* RealmHelper.swift */; };
		248B4114240FEF4200B3CCC7 /* MovieRealm.swift in Sources */ = {isa = PBXBuildFile; fileRef = 248B4113240FEF4200B3CCC7 /* MovieRealm.swift */; };
		24D2CD4D240F7E6E00CED69F /* AppDelegate.swift in Sources */ = {isa = PBXBuildFile; fileRef = 24D2CD4C240F7E6E00CED69F /* AppDelegate.swift */; };
		24D2CD54240F7E6F00CED69F /* Main.storyboard in Resources */ = {isa = PBXBuildFile; fileRef = 24D2CD52240F7E6F00CED69F /* Main.storyboard */; };
		24D2CD56240F7E7A00CED69F /* Assets.xcassets in Resources */ = {isa = PBXBuildFile; fileRef = 24D2CD55240F7E7A00CED69F /* Assets.xcassets */; };
		24D2CD59240F7E7A00CED69F /* LaunchScreen.storyboard in Resources */ = {isa = PBXBuildFile; fileRef = 24D2CD57240F7E7A00CED69F /* LaunchScreen.storyboard */; };
		24D2CD6A240F806E00CED69F /* Apify.swift in Sources */ = {isa = PBXBuildFile; fileRef = 24D2CD69240F806E00CED69F /* Apify.swift */; };
		24D2CD6C240F847900CED69F /* Notify.swift in Sources */ = {isa = PBXBuildFile; fileRef = 24D2CD6B240F847900CED69F /* Notify.swift */; };
		24D2CD6E240F84FD00CED69F /* Storify.swift in Sources */ = {isa = PBXBuildFile; fileRef = 24D2CD6D240F84FD00CED69F /* Storify.swift */; };
		24D2CD70240F86E200CED69F /* Alertify.swift in Sources */ = {isa = PBXBuildFile; fileRef = 24D2CD6F240F86E200CED69F /* Alertify.swift */; };
		24D2CD72240F87A000CED69F /* ManagerViewController.swift in Sources */ = {isa = PBXBuildFile; fileRef = 24D2CD71240F87A000CED69F /* ManagerViewController.swift */; };
		24D2CD74240F884C00CED69F /* HomeViewController.swift in Sources */ = {isa = PBXBuildFile; fileRef = 24D2CD73240F884C00CED69F /* HomeViewController.swift */; };
		E58C89996FC7BFCC472E2498 /* Pods_KitaBisaMovie.framework in Frameworks */ = {isa = PBXBuildFile; fileRef = 208C8401AC59D0C188852445 /* Pods_KitaBisaMovie.framework */; };
/* End PBXBuildFile section */

/* Begin PBXFileReference section */
		208C8401AC59D0C188852445 /* Pods_KitaBisaMovie.framework */ = {isa = PBXFileReference; explicitFileType = wrapper.framework; includeInIndex = 0; path = Pods_KitaBisaMovie.framework; sourceTree = BUILT_PRODUCTS_DIR; };
		245AAF1E2410942000EACE1B /* FavouriteMoviesViewController.swift */ = {isa = PBXFileReference; lastKnownFileType = sourcecode.swift; path = FavouriteMoviesViewController.swift; sourceTree = "<group>"; };
		248B40E4240F955B00B3CCC7 /* Formatter+Extension.swift */ = {isa = PBXFileReference; lastKnownFileType = sourcecode.swift; path = "Formatter+Extension.swift"; sourceTree = "<group>"; };
		248B40E6240F95D900B3CCC7 /* Localify.swift */ = {isa = PBXFileReference; lastKnownFileType = sourcecode.swift; path = Localify.swift; sourceTree = "<group>"; };
		248B40EB240F970300B3CCC7 /* en */ = {isa = PBXFileReference; lastKnownFileType = text.plist.strings; name = en; path = en.lproj/Localizable.strings; sourceTree = "<group>"; };
		248B40F0240F972600B3CCC7 /* Base */ = {isa = PBXFileReference; lastKnownFileType = file.storyboard; name = Base; path = Base.lproj/Home.storyboard; sourceTree = "<group>"; };
		248B40F2240F975000B3CCC7 /* String+Extension.swift */ = {isa = PBXFileReference; lastKnownFileType = sourcecode.swift; path = "String+Extension.swift"; sourceTree = "<group>"; };
		248B40F4240F977800B3CCC7 /* UIView+Extension.swift */ = {isa = PBXFileReference; lastKnownFileType = sourcecode.swift; path = "UIView+Extension.swift"; sourceTree = "<group>"; };
		248B40F6240F979F00B3CCC7 /* UIViewController+Extension.swift */ = {isa = PBXFileReference; lastKnownFileType = sourcecode.swift; path = "UIViewController+Extension.swift"; sourceTree = "<group>"; };
		248B40F8240F986900B3CCC7 /* UIColor+Extension.swift */ = {isa = PBXFileReference; lastKnownFileType = sourcecode.swift; path = "UIColor+Extension.swift"; sourceTree = "<group>"; };
		248B40FA240FA9C600B3CCC7 /* MovieCardTableViewCell.swift */ = {isa = PBXFileReference; lastKnownFileType = sourcecode.swift; path = MovieCardTableViewCell.swift; sourceTree = "<group>"; };
		248B40FB240FA9C600B3CCC7 /* MovieCardTableViewCell.xib */ = {isa = PBXFileReference; lastKnownFileType = file.xib; path = MovieCardTableViewCell.xib; sourceTree = "<group>"; };
		248B40FE240FB57200B3CCC7 /* Movie.swift */ = {isa = PBXFileReference; lastKnownFileType = sourcecode.swift; path = Movie.swift; sourceTree = "<group>"; };
		248B4100240FCF8E00B3CCC7 /* MovieViewController.swift */ = {isa = PBXFileReference; lastKnownFileType = sourcecode.swift; path = MovieViewController.swift; sourceTree = "<group>"; };
		248B4102240FD59D00B3CCC7 /* MovieInfoTableViewCell.swift */ = {isa = PBXFileReference; lastKnownFileType = sourcecode.swift; path = MovieInfoTableViewCell.swift; sourceTree = "<group>"; };
		248B4103240FD59D00B3CCC7 /* MovieInfoTableViewCell.xib */ = {isa = PBXFileReference; lastKnownFileType = file.xib; path = MovieInfoTableViewCell.xib; sourceTree = "<group>"; };
		248B4106240FDB2A00B3CCC7 /* ReviewHeaderTableViewCell.swift */ = {isa = PBXFileReference; lastKnownFileType = sourcecode.swift; path = ReviewHeaderTableViewCell.swift; sourceTree = "<group>"; };
		248B4107240FDB2A00B3CCC7 /* ReviewHeaderTableViewCell.xib */ = {isa = PBXFileReference; lastKnownFileType = file.xib; path = ReviewHeaderTableViewCell.xib; sourceTree = "<group>"; };
		248B410A240FDCD700B3CCC7 /* Review.swift */ = {isa = PBXFileReference; lastKnownFileType = sourcecode.swift; path = Review.swift; sourceTree = "<group>"; };
		248B410C240FDE6C00B3CCC7 /* ReviewTableViewCell.swift */ = {isa = PBXFileReference; lastKnownFileType = sourcecode.swift; path = ReviewTableViewCell.swift; sourceTree = "<group>"; };
		248B410D240FDE6C00B3CCC7 /* ReviewTableViewCell.xib */ = {isa = PBXFileReference; lastKnownFileType = file.xib; path = ReviewTableViewCell.xib; sourceTree = "<group>"; };
		248B4111240FEEF100B3CCC7 /* RealmHelper.swift */ = {isa = PBXFileReference; lastKnownFileType = sourcecode.swift; path = RealmHelper.swift; sourceTree = "<group>"; };
		248B4113240FEF4200B3CCC7 /* MovieRealm.swift */ = {isa = PBXFileReference; lastKnownFileType = sourcecode.swift; path = MovieRealm.swift; sourceTree = "<group>"; };
		24D2CD49240F7E6E00CED69F /* KitaBisaMovie.app */ = {isa = PBXFileReference; explicitFileType = wrapper.application; includeInIndex = 0; path = KitaBisaMovie.app; sourceTree = BUILT_PRODUCTS_DIR; };
		24D2CD4C240F7E6E00CED69F /* AppDelegate.swift */ = {isa = PBXFileReference; lastKnownFileType = sourcecode.swift; path = AppDelegate.swift; sourceTree = "<group>"; };
		24D2CD53240F7E6F00CED69F /* Base */ = {isa = PBXFileReference; lastKnownFileType = file.storyboard; name = Base; path = Base.lproj/Main.storyboard; sourceTree = "<group>"; };
		24D2CD55240F7E7A00CED69F /* Assets.xcassets */ = {isa = PBXFileReference; lastKnownFileType = folder.assetcatalog; path = Assets.xcassets; sourceTree = "<group>"; };
		24D2CD58240F7E7A00CED69F /* Base */ = {isa = PBXFileReference; lastKnownFileType = file.storyboard; name = Base; path = Base.lproj/LaunchScreen.storyboard; sourceTree = "<group>"; };
		24D2CD5A240F7E7A00CED69F /* Info.plist */ = {isa = PBXFileReference; lastKnownFileType = text.plist.xml; path = Info.plist; sourceTree = "<group>"; };
		24D2CD69240F806E00CED69F /* Apify.swift */ = {isa = PBXFileReference; lastKnownFileType = sourcecode.swift; path = Apify.swift; sourceTree = "<group>"; };
		24D2CD6B240F847900CED69F /* Notify.swift */ = {isa = PBXFileReference; lastKnownFileType = sourcecode.swift; path = Notify.swift; sourceTree = "<group>"; };
		24D2CD6D240F84FD00CED69F /* Storify.swift */ = {isa = PBXFileReference; lastKnownFileType = sourcecode.swift; path = Storify.swift; sourceTree = "<group>"; };
		24D2CD6F240F86E200CED69F /* Alertify.swift */ = {isa = PBXFileReference; lastKnownFileType = sourcecode.swift; path = Alertify.swift; sourceTree = "<group>"; };
		24D2CD71240F87A000CED69F /* ManagerViewController.swift */ = {isa = PBXFileReference; lastKnownFileType = sourcecode.swift; path = ManagerViewController.swift; sourceTree = "<group>"; };
		24D2CD73240F884C00CED69F /* HomeViewController.swift */ = {isa = PBXFileReference; lastKnownFileType = sourcecode.swift; path = HomeViewController.swift; sourceTree = "<group>"; };
		50607604914F9F6D09C97F35 /* Pods-KitaBisaMovie.debug.xcconfig */ = {isa = PBXFileReference; includeInIndex = 1; lastKnownFileType = text.xcconfig; name = "Pods-KitaBisaMovie.debug.xcconfig"; path = "Target Support Files/Pods-KitaBisaMovie/Pods-KitaBisaMovie.debug.xcconfig"; sourceTree = "<group>"; };
		798A2D17469DF99C6AFEFE15 /* Pods-KitaBisaMovie.release.xcconfig */ = {isa = PBXFileReference; includeInIndex = 1; lastKnownFileType = text.xcconfig; name = "Pods-KitaBisaMovie.release.xcconfig"; path = "Target Support Files/Pods-KitaBisaMovie/Pods-KitaBisaMovie.release.xcconfig"; sourceTree = "<group>"; };
/* End PBXFileReference section */

/* Begin PBXFrameworksBuildPhase section */
		24D2CD46240F7E6E00CED69F /* Frameworks */ = {
			isa = PBXFrameworksBuildPhase;
			buildActionMask = 2147483647;
			files = (
				E58C89996FC7BFCC472E2498 /* Pods_KitaBisaMovie.framework in Frameworks */,
			);
			runOnlyForDeploymentPostprocessing = 0;
		};
/* End PBXFrameworksBuildPhase section */

/* Begin PBXGroup section */
		248B4110240FEED900B3CCC7 /* Helpers */ = {
			isa = PBXGroup;
			children = (
				248B4111240FEEF100B3CCC7 /* RealmHelper.swift */,
			);
			path = Helpers;
			sourceTree = "<group>";
		};
		24D2CD40240F7E6E00CED69F = {
			isa = PBXGroup;
			children = (
				24D2CD4B240F7E6E00CED69F /* KitaBisaMovie */,
				24D2CD4A240F7E6E00CED69F /* Products */,
				B97C6A4E65DB00D2EEA4C4E3 /* Pods */,
				B194B51FA47F25268F285A4F /* Frameworks */,
			);
			sourceTree = "<group>";
		};
		24D2CD4A240F7E6E00CED69F /* Products */ = {
			isa = PBXGroup;
			children = (
				24D2CD49240F7E6E00CED69F /* KitaBisaMovie.app */,
			);
			name = Products;
			sourceTree = "<group>";
		};
		24D2CD4B240F7E6E00CED69F /* KitaBisaMovie */ = {
			isa = PBXGroup;
			children = (
				24D2CD4C240F7E6E00CED69F /* AppDelegate.swift */,
				24D2CD61240F7E9400CED69F /* Extensions */,
				24D2CD60240F7E8C00CED69F /* Generals */,
				248B4110240FEED900B3CCC7 /* Helpers */,
				24D2CD63240F7EA100CED69F /* Model */,
				24D2CD68240F7F1600CED69F /* Realm Models */,
				24D2CD62240F7E9A00CED69F /* Views */,
				24D2CD67240F7EF100CED69F /* Supporting Files */,
			);
			path = KitaBisaMovie;
			sourceTree = "<group>";
		};
		24D2CD60240F7E8C00CED69F /* Generals */ = {
			isa = PBXGroup;
			children = (
				24D2CD6F240F86E200CED69F /* Alertify.swift */,
				24D2CD69240F806E00CED69F /* Apify.swift */,
				248B40E6240F95D900B3CCC7 /* Localify.swift */,
				24D2CD6B240F847900CED69F /* Notify.swift */,
				24D2CD6D240F84FD00CED69F /* Storify.swift */,
			);
			path = Generals;
			sourceTree = "<group>";
		};
		24D2CD61240F7E9400CED69F /* Extensions */ = {
			isa = PBXGroup;
			children = (
				248B40E4240F955B00B3CCC7 /* Formatter+Extension.swift */,
				248B40F2240F975000B3CCC7 /* String+Extension.swift */,
				248B40F4240F977800B3CCC7 /* UIView+Extension.swift */,
				248B40F6240F979F00B3CCC7 /* UIViewController+Extension.swift */,
				248B40F8240F986900B3CCC7 /* UIColor+Extension.swift */,
			);
			path = Extensions;
			sourceTree = "<group>";
		};
		24D2CD62240F7E9A00CED69F /* Views */ = {
			isa = PBXGroup;
			children = (
				24D2CD64240F7EA700CED69F /* Storyboards */,
				24D2CD66240F7EB600CED69F /* View Controllers */,
				24D2CD65240F7EAE00CED69F /* Cells */,
			);
			path = Views;
			sourceTree = "<group>";
		};
		24D2CD63240F7EA100CED69F /* Model */ = {
			isa = PBXGroup;
			children = (
				248B40FE240FB57200B3CCC7 /* Movie.swift */,
				248B410A240FDCD700B3CCC7 /* Review.swift */,
			);
			path = Model;
			sourceTree = "<group>";
		};
		24D2CD64240F7EA700CED69F /* Storyboards */ = {
			isa = PBXGroup;
			children = (
				24D2CD52240F7E6F00CED69F /* Main.storyboard */,
				24D2CD57240F7E7A00CED69F /* LaunchScreen.storyboard */,
				248B40F1240F972600B3CCC7 /* Home.storyboard */,
			);
			path = Storyboards;
			sourceTree = "<group>";
		};
		24D2CD65240F7EAE00CED69F /* Cells */ = {
			isa = PBXGroup;
			children = (
				248B40FA240FA9C600B3CCC7 /* MovieCardTableViewCell.swift */,
				248B40FB240FA9C600B3CCC7 /* MovieCardTableViewCell.xib */,
				248B4102240FD59D00B3CCC7 /* MovieInfoTableViewCell.swift */,
				248B4103240FD59D00B3CCC7 /* MovieInfoTableViewCell.xib */,
				248B4106240FDB2A00B3CCC7 /* ReviewHeaderTableViewCell.swift */,
				248B4107240FDB2A00B3CCC7 /* ReviewHeaderTableViewCell.xib */,
				248B410C240FDE6C00B3CCC7 /* ReviewTableViewCell.swift */,
				248B410D240FDE6C00B3CCC7 /* ReviewTableViewCell.xib */,
			);
			path = Cells;
			sourceTree = "<group>";
		};
		24D2CD66240F7EB600CED69F /* View Controllers */ = {
			isa = PBXGroup;
			children = (
				245AAF1E2410942000EACE1B /* FavouriteMoviesViewController.swift */,
				24D2CD73240F884C00CED69F /* HomeViewController.swift */,
				24D2CD71240F87A000CED69F /* ManagerViewController.swift */,
				248B4100240FCF8E00B3CCC7 /* MovieViewController.swift */,
			);
			path = "View Controllers";
			sourceTree = "<group>";
		};
		24D2CD67240F7EF100CED69F /* Supporting Files */ = {
			isa = PBXGroup;
			children = (
				24D2CD55240F7E7A00CED69F /* Assets.xcassets */,
				24D2CD5A240F7E7A00CED69F /* Info.plist */,
				248B40EC240F970300B3CCC7 /* Localizable.strings */,
			);
			path = "Supporting Files";
			sourceTree = "<group>";
		};
		24D2CD68240F7F1600CED69F /* Realm Models */ = {
			isa = PBXGroup;
			children = (
				248B4113240FEF4200B3CCC7 /* MovieRealm.swift */,
			);
			path = "Realm Models";
			sourceTree = "<group>";
		};
		B194B51FA47F25268F285A4F /* Frameworks */ = {
			isa = PBXGroup;
			children = (
				208C8401AC59D0C188852445 /* Pods_KitaBisaMovie.framework */,
			);
			name = Frameworks;
			sourceTree = "<group>";
		};
		B97C6A4E65DB00D2EEA4C4E3 /* Pods */ = {
			isa = PBXGroup;
			children = (
				50607604914F9F6D09C97F35 /* Pods-KitaBisaMovie.debug.xcconfig */,
				798A2D17469DF99C6AFEFE15 /* Pods-KitaBisaMovie.release.xcconfig */,
			);
			path = Pods;
			sourceTree = "<group>";
		};
/* End PBXGroup section */

/* Begin PBXNativeTarget section */
		24D2CD48240F7E6E00CED69F /* KitaBisaMovie */ = {
			isa = PBXNativeTarget;
			buildConfigurationList = 24D2CD5D240F7E7A00CED69F /* Build configuration list for PBXNativeTarget "KitaBisaMovie" */;
			buildPhases = (
				757E9AA237291E0529737B22 /* [CP] Check Pods Manifest.lock */,
				24D2CD45240F7E6E00CED69F /* Sources */,
				24D2CD46240F7E6E00CED69F /* Frameworks */,
				24D2CD47240F7E6E00CED69F /* Resources */,
				3C3336588F42B41B4D0E5692 /* [CP] Embed Pods Frameworks */,
			);
			buildRules = (
			);
			dependencies = (
			);
			name = KitaBisaMovie;
			productName = KitaBisaMovie;
			productReference = 24D2CD49240F7E6E00CED69F /* KitaBisaMovie.app */;
			productType = "com.apple.product-type.application";
		};
/* End PBXNativeTarget section */

/* Begin PBXProject section */
		24D2CD41240F7E6E00CED69F /* Project object */ = {
			isa = PBXProject;
			attributes = {
				LastSwiftUpdateCheck = 1130;
				LastUpgradeCheck = 1130;
				ORGANIZATIONNAME = rasyadh;
				TargetAttributes = {
					24D2CD48240F7E6E00CED69F = {
						CreatedOnToolsVersion = 11.3;
					};
				};
			};
			buildConfigurationList = 24D2CD44240F7E6E00CED69F /* Build configuration list for PBXProject "KitaBisaMovie" */;
			compatibilityVersion = "Xcode 9.3";
			developmentRegion = en;
			hasScannedForEncodings = 0;
			knownRegions = (
				en,
				Base,
			);
			mainGroup = 24D2CD40240F7E6E00CED69F;
			productRefGroup = 24D2CD4A240F7E6E00CED69F /* Products */;
			projectDirPath = "";
			projectRoot = "";
			targets = (
				24D2CD48240F7E6E00CED69F /* KitaBisaMovie */,
			);
		};
/* End PBXProject section */

/* Begin PBXResourcesBuildPhase section */
		24D2CD47240F7E6E00CED69F /* Resources */ = {
			isa = PBXResourcesBuildPhase;
			buildActionMask = 2147483647;
			files = (
				248B410F240FDE6C00B3CCC7 /* ReviewTableViewCell.xib in Resources */,
				248B40EA240F970300B3CCC7 /* Localizable.strings in Resources */,
				24D2CD59240F7E7A00CED69F /* LaunchScreen.storyboard in Resources */,
				248B4105240FD59D00B3CCC7 /* MovieInfoTableViewCell.xib in Resources */,
				24D2CD56240F7E7A00CED69F /* Assets.xcassets in Resources */,
				248B4109240FDB2A00B3CCC7 /* ReviewHeaderTableViewCell.xib in Resources */,
				24D2CD54240F7E6F00CED69F /* Main.storyboard in Resources */,
				248B40FD240FA9C600B3CCC7 /* MovieCardTableViewCell.xib in Resources */,
				248B40EF240F972600B3CCC7 /* Home.storyboard in Resources */,
			);
			runOnlyForDeploymentPostprocessing = 0;
		};
/* End PBXResourcesBuildPhase section */

/* Begin PBXShellScriptBuildPhase section */
		3C3336588F42B41B4D0E5692 /* [CP] Embed Pods Frameworks */ = {
			isa = PBXShellScriptBuildPhase;
			buildActionMask = 2147483647;
			files = (
			);
			inputFileListPaths = (
				"${PODS_ROOT}/Target Support Files/Pods-KitaBisaMovie/Pods-KitaBisaMovie-frameworks-${CONFIGURATION}-input-files.xcfilelist",
			);
			name = "[CP] Embed Pods Frameworks";
			outputFileListPaths = (
				"${PODS_ROOT}/Target Support Files/Pods-KitaBisaMovie/Pods-KitaBisaMovie-frameworks-${CONFIGURATION}-output-files.xcfilelist",
			);
			runOnlyForDeploymentPostprocessing = 0;
			shellPath = /bin/sh;
			shellScript = "\"${PODS_ROOT}/Target Support Files/Pods-KitaBisaMovie/Pods-KitaBisaMovie-frameworks.sh\"\n";
			showEnvVarsInLog = 0;
		};
		757E9AA237291E0529737B22 /* [CP] Check Pods Manifest.lock */ = {
			isa = PBXShellScriptBuildPhase;
			buildActionMask = 2147483647;
			files = (
			);
			inputFileListPaths = (
			);
			inputPaths = (
				"${PODS_PODFILE_DIR_PATH}/Podfile.lock",
				"${PODS_ROOT}/Manifest.lock",
			);
			name = "[CP] Check Pods Manifest.lock";
			outputFileListPaths = (
			);
			outputPaths = (
				"$(DERIVED_FILE_DIR)/Pods-KitaBisaMovie-checkManifestLockResult.txt",
			);
			runOnlyForDeploymentPostprocessing = 0;
			shellPath = /bin/sh;
			shellScript = "diff \"${PODS_PODFILE_DIR_PATH}/Podfile.lock\" \"${PODS_ROOT}/Manifest.lock\" > /dev/null\nif [ $? != 0 ] ; then\n    # print error to STDERR\n    echo \"error: The sandbox is not in sync with the Podfile.lock. Run 'pod install' or update your CocoaPods installation.\" >&2\n    exit 1\nfi\n# This output is used by Xcode 'outputs' to avoid re-running this script phase.\necho \"SUCCESS\" > \"${SCRIPT_OUTPUT_FILE_0}\"\n";
			showEnvVarsInLog = 0;
		};
/* End PBXShellScriptBuildPhase section */

/* Begin PBXSourcesBuildPhase section */
		24D2CD45240F7E6E00CED69F /* Sources */ = {
			isa = PBXSourcesBuildPhase;
			buildActionMask = 2147483647;
			files = (
				248B40F7240F979F00B3CCC7 /* UIViewController+Extension.swift in Sources */,
				248B40F5240F977800B3CCC7 /* UIView+Extension.swift in Sources */,
				248B40FC240FA9C600B3CCC7 /* MovieCardTableViewCell.swift in Sources */,
				248B4101240FCF8E00B3CCC7 /* MovieViewController.swift in Sources */,
				248B4114240FEF4200B3CCC7 /* MovieRealm.swift in Sources */,
				248B4112240FEEF100B3CCC7 /* RealmHelper.swift in Sources */,
				248B40E5240F955B00B3CCC7 /* Formatter+Extension.swift in Sources */,
				24D2CD6C240F847900CED69F /* Notify.swift in Sources */,
				24D2CD70240F86E200CED69F /* Alertify.swift in Sources */,
				248B40E7240F95D900B3CCC7 /* Localify.swift in Sources */,
				24D2CD6A240F806E00CED69F /* Apify.swift in Sources */,
				24D2CD6E240F84FD00CED69F /* Storify.swift in Sources */,
				24D2CD4D240F7E6E00CED69F /* AppDelegate.swift in Sources */,
				24D2CD74240F884C00CED69F /* HomeViewController.swift in Sources */,
				248B4108240FDB2A00B3CCC7 /* ReviewHeaderTableViewCell.swift in Sources */,
				248B40F9240F986900B3CCC7 /* UIColor+Extension.swift in Sources */,
				248B410B240FDCD700B3CCC7 /* Review.swift in Sources */,
				248B40F3240F975000B3CCC7 /* String+Extension.swift in Sources */,
				248B4104240FD59D00B3CCC7 /* MovieInfoTableViewCell.swift in Sources */,
				245AAF1F2410942000EACE1B /* FavouriteMoviesViewController.swift in Sources */,
				248B410E240FDE6C00B3CCC7 /* ReviewTableViewCell.swift in Sources */,
				24D2CD72240F87A000CED69F /* ManagerViewController.swift in Sources */,
				248B40FF240FB57200B3CCC7 /* Movie.swift in Sources */,
			);
			runOnlyForDeploymentPostprocessing = 0;
		};
/* End PBXSourcesBuildPhase section */

/* Begin PBXVariantGroup section */
		248B40EC240F970300B3CCC7 /* Localizable.strings */ = {
			isa = PBXVariantGroup;
			children = (
				248B40EB240F970300B3CCC7 /* en */,
			);
			name = Localizable.strings;
			sourceTree = "<group>";
		};
		248B40F1240F972600B3CCC7 /* Home.storyboard */ = {
			isa = PBXVariantGroup;
			children = (
				248B40F0240F972600B3CCC7 /* Base */,
			);
			name = Home.storyboard;
			sourceTree = "<group>";
		};
		24D2CD52240F7E6F00CED69F /* Main.storyboard */ = {
			isa = PBXVariantGroup;
			children = (
				24D2CD53240F7E6F00CED69F /* Base */,
			);
			name = Main.storyboard;
			sourceTree = "<group>";
		};
		24D2CD57240F7E7A00CED69F /* LaunchScreen.storyboard */ = {
			isa = PBXVariantGroup;
			children = (
				24D2CD58240F7E7A00CED69F /* Base */,
			);
			name = LaunchScreen.storyboard;
			sourceTree = "<group>";
		};
/* End PBXVariantGroup section */

/* Begin XCBuildConfiguration section */
		24D2CD5B240F7E7A00CED69F /* Debug */ = {
			isa = XCBuildConfiguration;
			buildSettings = {
				ALWAYS_SEARCH_USER_PATHS = NO;
				CLANG_ANALYZER_NONNULL = YES;
				CLANG_ANALYZER_NUMBER_OBJECT_CONVERSION = YES_AGGRESSIVE;
				CLANG_CXX_LANGUAGE_STANDARD = "gnu++14";
				CLANG_CXX_LIBRARY = "libc++";
				CLANG_ENABLE_MODULES = YES;
				CLANG_ENABLE_OBJC_ARC = YES;
				CLANG_ENABLE_OBJC_WEAK = YES;
				CLANG_WARN_BLOCK_CAPTURE_AUTORELEASING = YES;
				CLANG_WARN_BOOL_CONVERSION = YES;
				CLANG_WARN_COMMA = YES;
				CLANG_WARN_CONSTANT_CONVERSION = YES;
				CLANG_WARN_DEPRECATED_OBJC_IMPLEMENTATIONS = YES;
				CLANG_WARN_DIRECT_OBJC_ISA_USAGE = YES_ERROR;
				CLANG_WARN_DOCUMENTATION_COMMENTS = YES;
				CLANG_WARN_EMPTY_BODY = YES;
				CLANG_WARN_ENUM_CONVERSION = YES;
				CLANG_WARN_INFINITE_RECURSION = YES;
				CLANG_WARN_INT_CONVERSION = YES;
				CLANG_WARN_NON_LITERAL_NULL_CONVERSION = YES;
				CLANG_WARN_OBJC_IMPLICIT_RETAIN_SELF = YES;
				CLANG_WARN_OBJC_LITERAL_CONVERSION = YES;
				CLANG_WARN_OBJC_ROOT_CLASS = YES_ERROR;
				CLANG_WARN_RANGE_LOOP_ANALYSIS = YES;
				CLANG_WARN_STRICT_PROTOTYPES = YES;
				CLANG_WARN_SUSPICIOUS_MOVE = YES;
				CLANG_WARN_UNGUARDED_AVAILABILITY = YES_AGGRESSIVE;
				CLANG_WARN_UNREACHABLE_CODE = YES;
				CLANG_WARN__DUPLICATE_METHOD_MATCH = YES;
				COPY_PHASE_STRIP = NO;
				DEBUG_INFORMATION_FORMAT = dwarf;
				ENABLE_STRICT_OBJC_MSGSEND = YES;
				ENABLE_TESTABILITY = YES;
				GCC_C_LANGUAGE_STANDARD = gnu11;
				GCC_DYNAMIC_NO_PIC = NO;
				GCC_NO_COMMON_BLOCKS = YES;
				GCC_OPTIMIZATION_LEVEL = 0;
				GCC_PREPROCESSOR_DEFINITIONS = (
					"DEBUG=1",
					"$(inherited)",
				);
				GCC_WARN_64_TO_32_BIT_CONVERSION = YES;
				GCC_WARN_ABOUT_RETURN_TYPE = YES_ERROR;
				GCC_WARN_UNDECLARED_SELECTOR = YES;
				GCC_WARN_UNINITIALIZED_AUTOS = YES_AGGRESSIVE;
				GCC_WARN_UNUSED_FUNCTION = YES;
				GCC_WARN_UNUSED_VARIABLE = YES;
				IPHONEOS_DEPLOYMENT_TARGET = 13.2;
				MTL_ENABLE_DEBUG_INFO = INCLUDE_SOURCE;
				MTL_FAST_MATH = YES;
				ONLY_ACTIVE_ARCH = YES;
				SDKROOT = iphoneos;
				SWIFT_ACTIVE_COMPILATION_CONDITIONS = DEBUG;
				SWIFT_OPTIMIZATION_LEVEL = "-Onone";
			};
			name = Debug;
		};
		24D2CD5C240F7E7A00CED69F /* Release */ = {
			isa = XCBuildConfiguration;
			buildSettings = {
				ALWAYS_SEARCH_USER_PATHS = NO;
				CLANG_ANALYZER_NONNULL = YES;
				CLANG_ANALYZER_NUMBER_OBJECT_CONVERSION = YES_AGGRESSIVE;
				CLANG_CXX_LANGUAGE_STANDARD = "gnu++14";
				CLANG_CXX_LIBRARY = "libc++";
				CLANG_ENABLE_MODULES = YES;
				CLANG_ENABLE_OBJC_ARC = YES;
				CLANG_ENABLE_OBJC_WEAK = YES;
				CLANG_WARN_BLOCK_CAPTURE_AUTORELEASING = YES;
				CLANG_WARN_BOOL_CONVERSION = YES;
				CLANG_WARN_COMMA = YES;
				CLANG_WARN_CONSTANT_CONVERSION = YES;
				CLANG_WARN_DEPRECATED_OBJC_IMPLEMENTATIONS = YES;
				CLANG_WARN_DIRECT_OBJC_ISA_USAGE = YES_ERROR;
				CLANG_WARN_DOCUMENTATION_COMMENTS = YES;
				CLANG_WARN_EMPTY_BODY = YES;
				CLANG_WARN_ENUM_CONVERSION = YES;
				CLANG_WARN_INFINITE_RECURSION = YES;
				CLANG_WARN_INT_CONVERSION = YES;
				CLANG_WARN_NON_LITERAL_NULL_CONVERSION = YES;
				CLANG_WARN_OBJC_IMPLICIT_RETAIN_SELF = YES;
				CLANG_WARN_OBJC_LITERAL_CONVERSION = YES;
				CLANG_WARN_OBJC_ROOT_CLASS = YES_ERROR;
				CLANG_WARN_RANGE_LOOP_ANALYSIS = YES;
				CLANG_WARN_STRICT_PROTOTYPES = YES;
				CLANG_WARN_SUSPICIOUS_MOVE = YES;
				CLANG_WARN_UNGUARDED_AVAILABILITY = YES_AGGRESSIVE;
				CLANG_WARN_UNREACHABLE_CODE = YES;
				CLANG_WARN__DUPLICATE_METHOD_MATCH = YES;
				COPY_PHASE_STRIP = NO;
				DEBUG_INFORMATION_FORMAT = "dwarf-with-dsym";
				ENABLE_NS_ASSERTIONS = NO;
				ENABLE_STRICT_OBJC_MSGSEND = YES;
				GCC_C_LANGUAGE_STANDARD = gnu11;
				GCC_NO_COMMON_BLOCKS = YES;
				GCC_WARN_64_TO_32_BIT_CONVERSION = YES;
				GCC_WARN_ABOUT_RETURN_TYPE = YES_ERROR;
				GCC_WARN_UNDECLARED_SELECTOR = YES;
				GCC_WARN_UNINITIALIZED_AUTOS = YES_AGGRESSIVE;
				GCC_WARN_UNUSED_FUNCTION = YES;
				GCC_WARN_UNUSED_VARIABLE = YES;
				IPHONEOS_DEPLOYMENT_TARGET = 13.2;
				MTL_ENABLE_DEBUG_INFO = NO;
				MTL_FAST_MATH = YES;
				SDKROOT = iphoneos;
				SWIFT_COMPILATION_MODE = wholemodule;
				SWIFT_OPTIMIZATION_LEVEL = "-O";
				VALIDATE_PRODUCT = YES;
			};
			name = Release;
		};
		24D2CD5E240F7E7A00CED69F /* Debug */ = {
			isa = XCBuildConfiguration;
			baseConfigurationReference = 50607604914F9F6D09C97F35 /* Pods-KitaBisaMovie.debug.xcconfig */;
			buildSettings = {
				ASSETCATALOG_COMPILER_APPICON_NAME = AppIcon;
				CODE_SIGN_STYLE = Automatic;
				DEVELOPMENT_TEAM = DSQS33Z9P9;
				INFOPLIST_FILE = "$(SRCROOT)/KitaBisaMovie/Supporting Files/Info.plist";
				IPHONEOS_DEPLOYMENT_TARGET = 10.2;
				LD_RUNPATH_SEARCH_PATHS = (
					"$(inherited)",
					"@executable_path/Frameworks",
				);
				PRODUCT_BUNDLE_IDENTIFIER = me.rasyadh.KitaBisaMovie;
				PRODUCT_NAME = "$(TARGET_NAME)";
				SWIFT_VERSION = 5.0;
				TARGETED_DEVICE_FAMILY = "1,2";
			};
			name = Debug;
		};
		24D2CD5F240F7E7A00CED69F /* Release */ = {
			isa = XCBuildConfiguration;
			baseConfigurationReference = 798A2D17469DF99C6AFEFE15 /* Pods-KitaBisaMovie.release.xcconfig */;
			buildSettings = {
				ASSETCATALOG_COMPILER_APPICON_NAME = AppIcon;
				CODE_SIGN_STYLE = Automatic;
				DEVELOPMENT_TEAM = DSQS33Z9P9;
				INFOPLIST_FILE = "$(SRCROOT)/KitaBisaMovie/Supporting Files/Info.plist";
				IPHONEOS_DEPLOYMENT_TARGET = 10.2;
				LD_RUNPATH_SEARCH_PATHS = (
					"$(inherited)",
					"@executable_path/Frameworks",
				);
				PRODUCT_BUNDLE_IDENTIFIER = me.rasyadh.KitaBisaMovie;
				PRODUCT_NAME = "$(TARGET_NAME)";
				SWIFT_VERSION = 5.0;
				TARGETED_DEVICE_FAMILY = "1,2";
			};
			name = Release;
		};
/* End XCBuildConfiguration section */

/* Begin XCConfigurationList section */
		24D2CD44240F7E6E00CED69F /* Build configuration list for PBXProject "KitaBisaMovie" */ = {
			isa = XCConfigurationList;
			buildConfigurations = (
				24D2CD5B240F7E7A00CED69F /* Debug */,
				24D2CD5C240F7E7A00CED69F /* Release */,
			);
			defaultConfigurationIsVisible = 0;
			defaultConfigurationName = Release;
		};
		24D2CD5D240F7E7A00CED69F /* Build configuration list for PBXNativeTarget "KitaBisaMovie" */ = {
			isa = XCConfigurationList;
			buildConfigurations = (
				24D2CD5E240F7E7A00CED69F /* Debug */,
				24D2CD5F240F7E7A00CED69F /* Release */,
			);
			defaultConfigurationIsVisible = 0;
			defaultConfigurationName = Release;
		};
/* End XCConfigurationList section */
	};
	rootObject = 24D2CD41240F7E6E00CED69F /* Project object */;
}
